
Microsoft Visual Studio Solution File, Format Version 12.00
# Visual Studio Version 17
VisualStudioVersion = 17.1.32421.90
MinimumVisualStudioVersion = 10.0.40219.1
Project("{FAE04EC0-301F-11D3-BF4B-00C04F79EFBC}") = "Empleados_Herencia_VeraPonce", "Empleados_Herencia_VeraPonce\Empleados_Herencia_VeraPonce.csproj", "{9AD98462-4E61-4DD8-B5D5-13E811B9B0CE}"
EndProject
Global
	GlobalSection(SolutionConfigurationPlatforms) = preSolution
		Debug|Any CPU = Debug|Any CPU
		Release|Any CPU = Release|Any CPU
	EndGlobalSection
	GlobalSection(ProjectConfigurationPlatforms) = postSolution
		{9AD98462-4E61-4DD8-B5D5-13E811B9B0CE}.Debug|Any CPU.ActiveCfg = Debug|Any CPU
		{9AD98462-4E61-4DD8-B5D5-13E811B9B0CE}.Debug|Any CPU.Build.0 = Debug|Any CPU
		{9AD98462-4E61-4DD8-B5D5-13E811B9B0CE}.Release|Any CPU.ActiveCfg = Release|Any CPU
		{9AD98462-4E61-4DD8-B5D5-13E811B9B0CE}.Release|Any CPU.Build.0 = Release|Any CPU
	EndGlobalSection
	GlobalSection(SolutionProperties) = preSolution
		HideSolutionNode = FALSE
	EndGlobalSection
	GlobalSection(ExtensibilityGlobals) = postSolution
		SolutionGuid = {17AB8E93-20EA-4C22-97D2-C44EACFE75E4}
	EndGlobalSection
EndGlobal
